# This file is automatically @generated by Cargo.
# It is not intended for manual editing.
version = 4

[[package]]
name = "flow-backend-cuda"
version = "0.0.1"

[[package]]
name = "flow-backend-llvm"
version = "0.0.1"

[[package]]
name = "flow-backend-verilog"
version = "0.0.1"

[[package]]
name = "flow-check"
version = "0.0.1"

[[package]]
name = "flow-cli"
version = "0.0.1"

[[package]]
name = "flow-interp"
version = "0.0.1"

[[package]]
name = "flow-ir"
version = "0.0.1"

[[package]]
name = "flow-lower"
version = "0.0.1"

[[package]]
name = "flow-rewrite"
version = "0.0.1"

[[package]]
name = "flow-syntax"
version = "0.0.1"
